
Microsoft Visual Studio Solution File, Format Version 12.00
# Visual Studio 15
VisualStudioVersion = 15.0.27428.2037
MinimumVisualStudioVersion = 10.0.40219.1
Project("{FAE04EC0-301F-11D3-BF4B-00C04F79EFBC}") = "KeyCloakCoreExample", "KeyCloakCoreExample\KeyCloakCoreExample.csproj", "{1D18AF5F-D65D-44F7-BA15-C77CF63616E4}"
EndProject
Global
	GlobalSection(SolutionConfigurationPlatforms) = preSolution
		Debug|Any CPU = Debug|Any CPU
		Release|Any CPU = Release|Any CPU
	EndGlobalSection
	GlobalSection(ProjectConfigurationPlatforms) = postSolution
		{1D18AF5F-D65D-44F7-BA15-C77CF63616E4}.Debug|Any CPU.ActiveCfg = Debug|Any CPU
		{1D18AF5F-D65D-44F7-BA15-C77CF63616E4}.Debug|Any CPU.Build.0 = Debug|Any CPU
		{1D18AF5F-D65D-44F7-BA15-C77CF63616E4}.Release|Any CPU.ActiveCfg = Release|Any CPU
		{1D18AF5F-D65D-44F7-BA15-C77CF63616E4}.Release|Any CPU.Build.0 = Release|Any CPU
	EndGlobalSection
	GlobalSection(SolutionProperties) = preSolution
		HideSolutionNode = FALSE
	EndGlobalSection
	GlobalSection(ExtensibilityGlobals) = postSolution
		SolutionGuid = {1B9D34AA-5C65-4CF4-AA54-2D9452889028}
	EndGlobalSection
EndGlobal
